
Microsoft Visual Studio Solution File, Format Version 12.00
# Visual Studio Version 17
VisualStudioVersion = 17.3.32811.315
MinimumVisualStudioVersion = 10.0.40219.1
Project("{8BC9CEB8-8B4A-11D0-8D11-00A0C91BC942}") = "计算器", "计算器\计算器.vcxproj", "{B963E29D-4281-4DE7-8B54-7842A593C907}"
EndProject
Global
	GlobalSection(SolutionConfigurationPlatforms) = preSolution
		Debug|x64 = Debug|x64
		Debug|x86 = Debug|x86
		Release|x64 = Release|x64
		Release|x86 = Release|x86
	EndGlobalSection
	GlobalSection(ProjectConfigurationPlatforms) = postSolution
		{B963E29D-4281-4DE7-8B54-7842A593C907}.Debug|x64.ActiveCfg = Debug|x64
		{B963E29D-4281-4DE7-8B54-7842A593C907}.Debug|x64.Build.0 = Debug|x64
		{B963E29D-4281-4DE7-8B54-7842A593C907}.Debug|x86.ActiveCfg = Debug|Win32
		{B963E29D-4281-4DE7-8B54-7842A593C907}.Debug|x86.Build.0 = Debug|Win32
		{B963E29D-4281-4DE7-8B54-7842A593C907}.Release|x64.ActiveCfg = Release|x64
		{B963E29D-4281-4DE7-8B54-7842A593C907}.Release|x64.Build.0 = Release|x64
		{B963E29D-4281-4DE7-8B54-7842A593C907}.Release|x86.ActiveCfg = Release|Win32
		{B963E29D-4281-4DE7-8B54-7842A593C907}.Release|x86.Build.0 = Release|Win32
	EndGlobalSection
	GlobalSection(SolutionProperties) = preSolution
		HideSolutionNode = FALSE
	EndGlobalSection
	GlobalSection(ExtensibilityGlobals) = postSolution
		SolutionGuid = {2B2791C3-6A91-43D8-BFED-2C32F751C453}
	EndGlobalSection
EndGlobal
